
Microsoft Visual Studio Solution File, Format Version 12.00
# Visual Studio Version 16
VisualStudioVersion = 16.0.31129.286
MinimumVisualStudioVersion = 10.0.40219.1
Project("{FAE04EC0-301F-11D3-BF4B-00C04F79EFBC}") = "Johnson_MT", "Johnson_MT\Johnson_MT.csproj", "{24EB7A47-A59C-4CB6-85CD-30EDDFE863BB}"
EndProject
Global
	GlobalSection(SolutionConfigurationPlatforms) = preSolution
		Debug|Any CPU = Debug|Any CPU
		Release|Any CPU = Release|Any CPU
	EndGlobalSection
	GlobalSection(ProjectConfigurationPlatforms) = postSolution
		{24EB7A47-A59C-4CB6-85CD-30EDDFE863BB}.Debug|Any CPU.ActiveCfg = Debug|Any CPU
		{24EB7A47-A59C-4CB6-85CD-30EDDFE863BB}.Debug|Any CPU.Build.0 = Debug|Any CPU
		{24EB7A47-A59C-4CB6-85CD-30EDDFE863BB}.Release|Any CPU.ActiveCfg = Release|Any CPU
		{24EB7A47-A59C-4CB6-85CD-30EDDFE863BB}.Release|Any CPU.Build.0 = Release|Any CPU
	EndGlobalSection
	GlobalSection(SolutionProperties) = preSolution
		HideSolutionNode = FALSE
	EndGlobalSection
	GlobalSection(ExtensibilityGlobals) = postSolution
		SolutionGuid = {E2C04534-9CE1-4A1F-A3E8-BD399DB6D537}
	EndGlobalSection
EndGlobal
